
Microsoft Visual Studio Solution File, Format Version 11.00
# Visual Studio 2010
Project("{FAE04EC0-301F-11D3-BF4B-00C04F79EFBC}") = "modi", "Assembly-CSharp.csproj", "{34C7F3E9-7A76-2449-2AC6-3789DEF8DDC8}"
EndProject
Project("{FAE04EC0-301F-11D3-BF4B-00C04F79EFBC}") = "modi", "Assembly-CSharp-Editor.csproj", "{89A74FC2-428D-0A2F-F66D-A06E9C98E751}"
EndProject
Global
	GlobalSection(SolutionConfigurationPlatforms) = preSolution
		Debug|Any CPU = Debug|Any CPU
		Release|Any CPU = Release|Any CPU
	EndGlobalSection
	GlobalSection(ProjectConfigurationPlatforms) = postSolution
		{34C7F3E9-7A76-2449-2AC6-3789DEF8DDC8}.Debug|Any CPU.ActiveCfg = Debug|Any CPU
		{34C7F3E9-7A76-2449-2AC6-3789DEF8DDC8}.Debug|Any CPU.Build.0 = Debug|Any CPU
		{34C7F3E9-7A76-2449-2AC6-3789DEF8DDC8}.Release|Any CPU.ActiveCfg = Release|Any CPU
		{34C7F3E9-7A76-2449-2AC6-3789DEF8DDC8}.Release|Any CPU.Build.0 = Release|Any CPU
		{89A74FC2-428D-0A2F-F66D-A06E9C98E751}.Debug|Any CPU.ActiveCfg = Debug|Any CPU
		{89A74FC2-428D-0A2F-F66D-A06E9C98E751}.Debug|Any CPU.Build.0 = Debug|Any CPU
		{89A74FC2-428D-0A2F-F66D-A06E9C98E751}.Release|Any CPU.ActiveCfg = Release|Any CPU
		{89A74FC2-428D-0A2F-F66D-A06E9C98E751}.Release|Any CPU.Build.0 = Release|Any CPU
	EndGlobalSection
	GlobalSection(SolutionProperties) = preSolution
		HideSolutionNode = FALSE
	EndGlobalSection
	GlobalSection(MonoDevelopProperties) = preSolution
		StartupItem = Assembly-CSharp.csproj
	EndGlobalSection
EndGlobal
